
Microsoft Visual Studio Solution File, Format Version 12.00
# Visual Studio 15
VisualStudioVersion = 15.0.27130.2024
MinimumVisualStudioVersion = 10.0.40219.1
Project("{FAE04EC0-301F-11D3-BF4B-00C04F79EFBC}") = "Triplets Basic", "Triplets Basic\Triplets Basic.csproj", "{869BF019-B761-411E-8454-42DB343E73FC}"
EndProject
Global
	GlobalSection(SolutionConfigurationPlatforms) = preSolution
		Debug|Any CPU = Debug|Any CPU
		Release|Any CPU = Release|Any CPU
	EndGlobalSection
	GlobalSection(ProjectConfigurationPlatforms) = postSolution
		{869BF019-B761-411E-8454-42DB343E73FC}.Debug|Any CPU.ActiveCfg = Debug|Any CPU
		{869BF019-B761-411E-8454-42DB343E73FC}.Debug|Any CPU.Build.0 = Debug|Any CPU
		{869BF019-B761-411E-8454-42DB343E73FC}.Release|Any CPU.ActiveCfg = Release|Any CPU
		{869BF019-B761-411E-8454-42DB343E73FC}.Release|Any CPU.Build.0 = Release|Any CPU
	EndGlobalSection
	GlobalSection(SolutionProperties) = preSolution
		HideSolutionNode = FALSE
	EndGlobalSection
	GlobalSection(ExtensibilityGlobals) = postSolution
		SolutionGuid = {B2F75214-70ED-45BD-972C-685450654282}
	EndGlobalSection
EndGlobal
